
Microsoft Visual Studio Solution File, Format Version 12.00
# Visual Studio Version 16
VisualStudioVersion = 16.0.28803.202
MinimumVisualStudioVersion = 10.0.40219.1
Project("{9A19103F-16F7-4668-BE54-9A1E7A4F7556}") = "GeneratorAppIdAppKey", "GeneratorAppIdAppKey\GeneratorAppIdAppKey.csproj", "{5799C71D-092F-4B69-BFD7-82910E48440F}"
EndProject
Project("{9A19103F-16F7-4668-BE54-9A1E7A4F7556}") = "HmacTestClient", "HmacTestClient\HmacTestClient.csproj", "{CD388200-491A-44A3-A26F-5AEA0119E3AE}"
EndProject
Project("{9A19103F-16F7-4668-BE54-9A1E7A4F7556}") = "DeviceClient", "DeviceClient\DeviceClient.csproj", "{90BEF6AB-B0CF-4EF0-A693-B1F4A79C5B45}"
EndProject
Project("{9A19103F-16F7-4668-BE54-9A1E7A4F7556}") = "DeveloperClient", "DeveloperClient\DeveloperClient.csproj", "{FB3F0B56-6E45-49A0-B176-ED3DB8AFF0EF}"
EndProject
Project("{9A19103F-16F7-4668-BE54-9A1E7A4F7556}") = "SshOnDemandLibs", "SshOnDemandLibs\SshOnDemandLibs.csproj", "{10245E73-1A2D-48C6-8AA5-3784A16F6BF9}"
EndProject
Project("{9A19103F-16F7-4668-BE54-9A1E7A4F7556}") = "SshConnectionTest", "SshConnectionTest\SshConnectionTest.csproj", "{BA2F3208-5555-4658-A17D-68C84451456A}"
EndProject
Project("{9A19103F-16F7-4668-BE54-9A1E7A4F7556}") = "TpmTest", "TpmTest\TpmTest.csproj", "{5DBA9311-5D33-4A17-91ED-EAF059E5AE6C}"
EndProject
Project("{9A19103F-16F7-4668-BE54-9A1E7A4F7556}") = "DeviceProvisioning", "DeviceProvisioning\DeviceProvisioning.csproj", "{E48A6C5A-5DB7-4599-A9C7-C5088FAB52C4}"
EndProject
Project("{9A19103F-16F7-4668-BE54-9A1E7A4F7556}") = "ApiServer", "ApiServer\ApiServer.csproj", "{911BDFF5-7A33-43E9-A44A-082B1467B9CB}"
EndProject
Project("{2150E333-8FDC-42A3-9474-1A3956D46DE8}") = "ApiServer", "ApiServer", "{E5F16ECE-1210-40F9-9C48-4B2EA75FDA0E}"
	ProjectSection(SolutionItems) = preProject
		Note struttura progetto.txt = Note struttura progetto.txt
	EndProjectSection
EndProject
Project("{FAE04EC0-301F-11D3-BF4B-00C04F79EFBC}") = "ApiServer.Application", "ApiServer.Application\ApiServer.Application.csproj", "{225B7287-D5B3-4089-AE9A-D754E0237E46}"
EndProject
Project("{FAE04EC0-301F-11D3-BF4B-00C04F79EFBC}") = "ApiServer.Infrastructure", "ApiServer.Infrastructure\ApiServer.Infrastructure.csproj", "{75ADE210-64B1-48D0-AEC4-80FD226B4976}"
EndProject
Project("{FAE04EC0-301F-11D3-BF4B-00C04F79EFBC}") = "ApiServer.Core", "ApiServer.Core\ApiServer.Core.csproj", "{944E5AED-9688-4D46-A65B-11C2205E07C6}"
EndProject
Global
	GlobalSection(SolutionConfigurationPlatforms) = preSolution
		Debug|Any CPU = Debug|Any CPU
		Release|Any CPU = Release|Any CPU
	EndGlobalSection
	GlobalSection(ProjectConfigurationPlatforms) = postSolution
		{5799C71D-092F-4B69-BFD7-82910E48440F}.Debug|Any CPU.ActiveCfg = Debug|Any CPU
		{5799C71D-092F-4B69-BFD7-82910E48440F}.Debug|Any CPU.Build.0 = Debug|Any CPU
		{5799C71D-092F-4B69-BFD7-82910E48440F}.Release|Any CPU.ActiveCfg = Release|Any CPU
		{5799C71D-092F-4B69-BFD7-82910E48440F}.Release|Any CPU.Build.0 = Release|Any CPU
		{CD388200-491A-44A3-A26F-5AEA0119E3AE}.Debug|Any CPU.ActiveCfg = Debug|Any CPU
		{CD388200-491A-44A3-A26F-5AEA0119E3AE}.Debug|Any CPU.Build.0 = Debug|Any CPU
		{CD388200-491A-44A3-A26F-5AEA0119E3AE}.Release|Any CPU.ActiveCfg = Release|Any CPU
		{CD388200-491A-44A3-A26F-5AEA0119E3AE}.Release|Any CPU.Build.0 = Release|Any CPU
		{90BEF6AB-B0CF-4EF0-A693-B1F4A79C5B45}.Debug|Any CPU.ActiveCfg = Debug|Any CPU
		{90BEF6AB-B0CF-4EF0-A693-B1F4A79C5B45}.Debug|Any CPU.Build.0 = Debug|Any CPU
		{90BEF6AB-B0CF-4EF0-A693-B1F4A79C5B45}.Release|Any CPU.ActiveCfg = Release|Any CPU
		{90BEF6AB-B0CF-4EF0-A693-B1F4A79C5B45}.Release|Any CPU.Build.0 = Release|Any CPU
		{FB3F0B56-6E45-49A0-B176-ED3DB8AFF0EF}.Debug|Any CPU.ActiveCfg = Debug|Any CPU
		{FB3F0B56-6E45-49A0-B176-ED3DB8AFF0EF}.Debug|Any CPU.Build.0 = Debug|Any CPU
		{FB3F0B56-6E45-49A0-B176-ED3DB8AFF0EF}.Release|Any CPU.ActiveCfg = Release|Any CPU
		{FB3F0B56-6E45-49A0-B176-ED3DB8AFF0EF}.Release|Any CPU.Build.0 = Release|Any CPU
		{10245E73-1A2D-48C6-8AA5-3784A16F6BF9}.Debug|Any CPU.ActiveCfg = Debug|Any CPU
		{10245E73-1A2D-48C6-8AA5-3784A16F6BF9}.Debug|Any CPU.Build.0 = Debug|Any CPU
		{10245E73-1A2D-48C6-8AA5-3784A16F6BF9}.Release|Any CPU.ActiveCfg = Release|Any CPU
		{10245E73-1A2D-48C6-8AA5-3784A16F6BF9}.Release|Any CPU.Build.0 = Release|Any CPU
		{BA2F3208-5555-4658-A17D-68C84451456A}.Debug|Any CPU.ActiveCfg = Debug|Any CPU
		{BA2F3208-5555-4658-A17D-68C84451456A}.Debug|Any CPU.Build.0 = Debug|Any CPU
		{BA2F3208-5555-4658-A17D-68C84451456A}.Release|Any CPU.ActiveCfg = Release|Any CPU
		{BA2F3208-5555-4658-A17D-68C84451456A}.Release|Any CPU.Build.0 = Release|Any CPU
		{5DBA9311-5D33-4A17-91ED-EAF059E5AE6C}.Debug|Any CPU.ActiveCfg = Debug|Any CPU
		{5DBA9311-5D33-4A17-91ED-EAF059E5AE6C}.Debug|Any CPU.Build.0 = Debug|Any CPU
		{5DBA9311-5D33-4A17-91ED-EAF059E5AE6C}.Release|Any CPU.ActiveCfg = Release|Any CPU
		{5DBA9311-5D33-4A17-91ED-EAF059E5AE6C}.Release|Any CPU.Build.0 = Release|Any CPU
		{E48A6C5A-5DB7-4599-A9C7-C5088FAB52C4}.Debug|Any CPU.ActiveCfg = Debug|Any CPU
		{E48A6C5A-5DB7-4599-A9C7-C5088FAB52C4}.Debug|Any CPU.Build.0 = Debug|Any CPU
		{E48A6C5A-5DB7-4599-A9C7-C5088FAB52C4}.Release|Any CPU.ActiveCfg = Release|Any CPU
		{E48A6C5A-5DB7-4599-A9C7-C5088FAB52C4}.Release|Any CPU.Build.0 = Release|Any CPU
		{911BDFF5-7A33-43E9-A44A-082B1467B9CB}.Debug|Any CPU.ActiveCfg = Debug|Any CPU
		{911BDFF5-7A33-43E9-A44A-082B1467B9CB}.Debug|Any CPU.Build.0 = Debug|Any CPU
		{911BDFF5-7A33-43E9-A44A-082B1467B9CB}.Release|Any CPU.ActiveCfg = Release|Any CPU
		{911BDFF5-7A33-43E9-A44A-082B1467B9CB}.Release|Any CPU.Build.0 = Release|Any CPU
		{225B7287-D5B3-4089-AE9A-D754E0237E46}.Debug|Any CPU.ActiveCfg = Debug|Any CPU
		{225B7287-D5B3-4089-AE9A-D754E0237E46}.Debug|Any CPU.Build.0 = Debug|Any CPU
		{225B7287-D5B3-4089-AE9A-D754E0237E46}.Release|Any CPU.ActiveCfg = Release|Any CPU
		{225B7287-D5B3-4089-AE9A-D754E0237E46}.Release|Any CPU.Build.0 = Release|Any CPU
		{75ADE210-64B1-48D0-AEC4-80FD226B4976}.Debug|Any CPU.ActiveCfg = Debug|Any CPU
		{75ADE210-64B1-48D0-AEC4-80FD226B4976}.Debug|Any CPU.Build.0 = Debug|Any CPU
		{75ADE210-64B1-48D0-AEC4-80FD226B4976}.Release|Any CPU.ActiveCfg = Release|Any CPU
		{75ADE210-64B1-48D0-AEC4-80FD226B4976}.Release|Any CPU.Build.0 = Release|Any CPU
		{944E5AED-9688-4D46-A65B-11C2205E07C6}.Debug|Any CPU.ActiveCfg = Debug|Any CPU
		{944E5AED-9688-4D46-A65B-11C2205E07C6}.Debug|Any CPU.Build.0 = Debug|Any CPU
		{944E5AED-9688-4D46-A65B-11C2205E07C6}.Release|Any CPU.ActiveCfg = Release|Any CPU
		{944E5AED-9688-4D46-A65B-11C2205E07C6}.Release|Any CPU.Build.0 = Release|Any CPU
	EndGlobalSection
	GlobalSection(SolutionProperties) = preSolution
		HideSolutionNode = FALSE
	EndGlobalSection
	GlobalSection(NestedProjects) = preSolution
		{911BDFF5-7A33-43E9-A44A-082B1467B9CB} = {E5F16ECE-1210-40F9-9C48-4B2EA75FDA0E}
		{225B7287-D5B3-4089-AE9A-D754E0237E46} = {E5F16ECE-1210-40F9-9C48-4B2EA75FDA0E}
		{75ADE210-64B1-48D0-AEC4-80FD226B4976} = {E5F16ECE-1210-40F9-9C48-4B2EA75FDA0E}
		{944E5AED-9688-4D46-A65B-11C2205E07C6} = {E5F16ECE-1210-40F9-9C48-4B2EA75FDA0E}
	EndGlobalSection
	GlobalSection(ExtensibilityGlobals) = postSolution
		SolutionGuid = {D87715FD-BCB1-4754-BBD2-5F4CF2BB0F46}
	EndGlobalSection
EndGlobal
